
Microsoft Visual Studio Solution File, Format Version 12.00
# Visual Studio 14
VisualStudioVersion = 14.0.25420.1
MinimumVisualStudioVersion = 10.0.40219.1
Project("{FAE04EC0-301F-11D3-BF4B-00C04F79EFBC}") = "Vjezba02_Samostalno_WPF", "Vjezba02_Samostalno_WPF\Vjezba02_Samostalno_WPF.csproj", "{A9A39190-2372-41EF-A53E-193C4F03CF17}"
EndProject
Global
	GlobalSection(SolutionConfigurationPlatforms) = preSolution
		Debug|Any CPU = Debug|Any CPU
		Release|Any CPU = Release|Any CPU
	EndGlobalSection
	GlobalSection(ProjectConfigurationPlatforms) = postSolution
		{A9A39190-2372-41EF-A53E-193C4F03CF17}.Debug|Any CPU.ActiveCfg = Debug|Any CPU
		{A9A39190-2372-41EF-A53E-193C4F03CF17}.Debug|Any CPU.Build.0 = Debug|Any CPU
		{A9A39190-2372-41EF-A53E-193C4F03CF17}.Release|Any CPU.ActiveCfg = Release|Any CPU
		{A9A39190-2372-41EF-A53E-193C4F03CF17}.Release|Any CPU.Build.0 = Release|Any CPU
	EndGlobalSection
	GlobalSection(SolutionProperties) = preSolution
		HideSolutionNode = FALSE
	EndGlobalSection
EndGlobal
